
Microsoft Visual Studio Solution File, Format Version 12.00
# Visual Studio Version 16
VisualStudioVersion = 16.0.32510.428
MinimumVisualStudioVersion = 10.0.40219.1
Project("{FAE04EC0-301F-11D3-BF4B-00C04F79EFBC}") = "MySB", "MySB\MySB.csproj", "{D20A8E4F-A4DC-494F-9203-C3C1BDF94052}"
EndProject
Global
	GlobalSection(SolutionConfigurationPlatforms) = preSolution
		Debug|Any CPU = Debug|Any CPU
		Release|Any CPU = Release|Any CPU
	EndGlobalSection
	GlobalSection(ProjectConfigurationPlatforms) = postSolution
		{D20A8E4F-A4DC-494F-9203-C3C1BDF94052}.Debug|Any CPU.ActiveCfg = Debug|Any CPU
		{D20A8E4F-A4DC-494F-9203-C3C1BDF94052}.Debug|Any CPU.Build.0 = Debug|Any CPU
		{D20A8E4F-A4DC-494F-9203-C3C1BDF94052}.Release|Any CPU.ActiveCfg = Release|Any CPU
		{D20A8E4F-A4DC-494F-9203-C3C1BDF94052}.Release|Any CPU.Build.0 = Release|Any CPU
	EndGlobalSection
	GlobalSection(SolutionProperties) = preSolution
		HideSolutionNode = FALSE
	EndGlobalSection
	GlobalSection(ExtensibilityGlobals) = postSolution
		SolutionGuid = {C9D0BB3D-7833-4E81-A159-A41C58464C52}
	EndGlobalSection
EndGlobal
